
Microsoft Visual Studio Solution File, Format Version 12.00
# Visual Studio Version 17
VisualStudioVersion = 17.6.33829.357
MinimumVisualStudioVersion = 10.0.40219.1
Project("{8BC9CEB8-8B4A-11D0-8D11-00A0C91BC942}") = "C", "C.vcxproj", "{A2EDC3AF-CDD6-45A2-A6FF-11978A74B0BB}"
EndProject
Global
	GlobalSection(SolutionConfigurationPlatforms) = preSolution
		Debug|x64 = Debug|x64
		Debug|x86 = Debug|x86
		Release|x64 = Release|x64
		Release|x86 = Release|x86
	EndGlobalSection
	GlobalSection(ProjectConfigurationPlatforms) = postSolution
		{A2EDC3AF-CDD6-45A2-A6FF-11978A74B0BB}.Debug|x64.ActiveCfg = Debug|x64
		{A2EDC3AF-CDD6-45A2-A6FF-11978A74B0BB}.Debug|x64.Build.0 = Debug|x64
		{A2EDC3AF-CDD6-45A2-A6FF-11978A74B0BB}.Debug|x86.ActiveCfg = Debug|Win32
		{A2EDC3AF-CDD6-45A2-A6FF-11978A74B0BB}.Debug|x86.Build.0 = Debug|Win32
		{A2EDC3AF-CDD6-45A2-A6FF-11978A74B0BB}.Release|x64.ActiveCfg = Release|x64
		{A2EDC3AF-CDD6-45A2-A6FF-11978A74B0BB}.Release|x64.Build.0 = Release|x64
		{A2EDC3AF-CDD6-45A2-A6FF-11978A74B0BB}.Release|x86.ActiveCfg = Release|Win32
		{A2EDC3AF-CDD6-45A2-A6FF-11978A74B0BB}.Release|x86.Build.0 = Release|Win32
	EndGlobalSection
	GlobalSection(SolutionProperties) = preSolution
		HideSolutionNode = FALSE
	EndGlobalSection
	GlobalSection(ExtensibilityGlobals) = postSolution
		SolutionGuid = {D267D30A-8568-420E-A533-8EBAB019B802}
	EndGlobalSection
EndGlobal
